
Microsoft Visual Studio Solution File, Format Version 12.00
# Visual Studio Version 16
VisualStudioVersion = 16.0.29418.71
MinimumVisualStudioVersion = 10.0.40219.1
Project("{FAE04EC0-301F-11D3-BF4B-00C04F79EFBC}") = "ConsoleApp1", "ConsoleApp1\ConsoleApp1.csproj", "{AFE93E29-EC68-48AA-A695-400343204BA2}"
EndProject
Global
	GlobalSection(SolutionConfigurationPlatforms) = preSolution
		Debug|Any CPU = Debug|Any CPU
		Release|Any CPU = Release|Any CPU
	EndGlobalSection
	GlobalSection(ProjectConfigurationPlatforms) = postSolution
		{AFE93E29-EC68-48AA-A695-400343204BA2}.Debug|Any CPU.ActiveCfg = Debug|Any CPU
		{AFE93E29-EC68-48AA-A695-400343204BA2}.Debug|Any CPU.Build.0 = Debug|Any CPU
		{AFE93E29-EC68-48AA-A695-400343204BA2}.Release|Any CPU.ActiveCfg = Release|Any CPU
		{AFE93E29-EC68-48AA-A695-400343204BA2}.Release|Any CPU.Build.0 = Release|Any CPU
	EndGlobalSection
	GlobalSection(SolutionProperties) = preSolution
		HideSolutionNode = FALSE
	EndGlobalSection
	GlobalSection(ExtensibilityGlobals) = postSolution
		SolutionGuid = {A9CDC23C-2002-4F7E-9D79-311BB5AA21EF}
	EndGlobalSection
EndGlobal
