
Microsoft Visual Studio Solution File, Format Version 12.00
# Visual Studio Version 16
VisualStudioVersion = 16.0.29418.71
MinimumVisualStudioVersion = 10.0.40219.1
Project("{FAE04EC0-301F-11D3-BF4B-00C04F79EFBC}") = "PairProgramming2", "PairProgramming2\PairProgramming2.csproj", "{252E17C0-87B9-47EE-B4D8-6E51719576E0}"
EndProject
Global
	GlobalSection(SolutionConfigurationPlatforms) = preSolution
		Debug|Any CPU = Debug|Any CPU
		Release|Any CPU = Release|Any CPU
	EndGlobalSection
	GlobalSection(ProjectConfigurationPlatforms) = postSolution
		{252E17C0-87B9-47EE-B4D8-6E51719576E0}.Debug|Any CPU.ActiveCfg = Debug|Any CPU
		{252E17C0-87B9-47EE-B4D8-6E51719576E0}.Debug|Any CPU.Build.0 = Debug|Any CPU
		{252E17C0-87B9-47EE-B4D8-6E51719576E0}.Release|Any CPU.ActiveCfg = Release|Any CPU
		{252E17C0-87B9-47EE-B4D8-6E51719576E0}.Release|Any CPU.Build.0 = Release|Any CPU
	EndGlobalSection
	GlobalSection(SolutionProperties) = preSolution
		HideSolutionNode = FALSE
	EndGlobalSection
	GlobalSection(ExtensibilityGlobals) = postSolution
		SolutionGuid = {7E93ABBF-29EB-43D8-99B4-0E49217F2CAF}
	EndGlobalSection
EndGlobal
