
Microsoft Visual Studio Solution File, Format Version 12.00
# Visual Studio Version 16
VisualStudioVersion = 16.0.29418.71
MinimumVisualStudioVersion = 10.0.40219.1
Project("{FAE04EC0-301F-11D3-BF4B-00C04F79EFBC}") = "WebAppRedo", "WebAppRedo\WebAppRedo.csproj", "{C63ADD1C-100E-4363-ACCD-D9DB612C74F0}"
EndProject
Global
	GlobalSection(SolutionConfigurationPlatforms) = preSolution
		Debug|Any CPU = Debug|Any CPU
		Release|Any CPU = Release|Any CPU
	EndGlobalSection
	GlobalSection(ProjectConfigurationPlatforms) = postSolution
		{C63ADD1C-100E-4363-ACCD-D9DB612C74F0}.Debug|Any CPU.ActiveCfg = Debug|Any CPU
		{C63ADD1C-100E-4363-ACCD-D9DB612C74F0}.Debug|Any CPU.Build.0 = Debug|Any CPU
		{C63ADD1C-100E-4363-ACCD-D9DB612C74F0}.Release|Any CPU.ActiveCfg = Release|Any CPU
		{C63ADD1C-100E-4363-ACCD-D9DB612C74F0}.Release|Any CPU.Build.0 = Release|Any CPU
	EndGlobalSection
	GlobalSection(SolutionProperties) = preSolution
		HideSolutionNode = FALSE
	EndGlobalSection
	GlobalSection(ExtensibilityGlobals) = postSolution
		SolutionGuid = {F3D28A74-82D3-4C21-A510-61EF6D857C5F}
	EndGlobalSection
EndGlobal
