
Microsoft Visual Studio Solution File, Format Version 12.00
# Visual Studio Version 16
VisualStudioVersion = 16.0.29418.71
MinimumVisualStudioVersion = 10.0.40219.1
Project("{FAE04EC0-301F-11D3-BF4B-00C04F79EFBC}") = "TempData", "TempData\TempData.csproj", "{A0DF78D7-5324-49F3-A1D8-CF7337AE6EAF}"
EndProject
Global
	GlobalSection(SolutionConfigurationPlatforms) = preSolution
		Debug|Any CPU = Debug|Any CPU
		Release|Any CPU = Release|Any CPU
	EndGlobalSection
	GlobalSection(ProjectConfigurationPlatforms) = postSolution
		{A0DF78D7-5324-49F3-A1D8-CF7337AE6EAF}.Debug|Any CPU.ActiveCfg = Debug|Any CPU
		{A0DF78D7-5324-49F3-A1D8-CF7337AE6EAF}.Debug|Any CPU.Build.0 = Debug|Any CPU
		{A0DF78D7-5324-49F3-A1D8-CF7337AE6EAF}.Release|Any CPU.ActiveCfg = Release|Any CPU
		{A0DF78D7-5324-49F3-A1D8-CF7337AE6EAF}.Release|Any CPU.Build.0 = Release|Any CPU
	EndGlobalSection
	GlobalSection(SolutionProperties) = preSolution
		HideSolutionNode = FALSE
	EndGlobalSection
	GlobalSection(ExtensibilityGlobals) = postSolution
		SolutionGuid = {E0861F63-0638-4CAD-B63B-ACD9076AA50B}
	EndGlobalSection
EndGlobal
