
Microsoft Visual Studio Solution File, Format Version 12.00
# Visual Studio Version 16
VisualStudioVersion = 16.0.29418.71
MinimumVisualStudioVersion = 10.0.40219.1
Project("{FAE04EC0-301F-11D3-BF4B-00C04F79EFBC}") = "Day 13", "Day 13\Day 13.csproj", "{DAD98BD3-5B87-4B66-910C-92720A13A02D}"
EndProject
Project("{FAE04EC0-301F-11D3-BF4B-00C04F79EFBC}") = "FileIO", "FileIO\FileIO.csproj", "{C88D006B-0C63-4A09-9656-449950245251}"
EndProject
Global
	GlobalSection(SolutionConfigurationPlatforms) = preSolution
		Debug|Any CPU = Debug|Any CPU
		Release|Any CPU = Release|Any CPU
	EndGlobalSection
	GlobalSection(ProjectConfigurationPlatforms) = postSolution
		{DAD98BD3-5B87-4B66-910C-92720A13A02D}.Debug|Any CPU.ActiveCfg = Debug|Any CPU
		{DAD98BD3-5B87-4B66-910C-92720A13A02D}.Debug|Any CPU.Build.0 = Debug|Any CPU
		{DAD98BD3-5B87-4B66-910C-92720A13A02D}.Release|Any CPU.ActiveCfg = Release|Any CPU
		{DAD98BD3-5B87-4B66-910C-92720A13A02D}.Release|Any CPU.Build.0 = Release|Any CPU
		{C88D006B-0C63-4A09-9656-449950245251}.Debug|Any CPU.ActiveCfg = Debug|Any CPU
		{C88D006B-0C63-4A09-9656-449950245251}.Debug|Any CPU.Build.0 = Debug|Any CPU
		{C88D006B-0C63-4A09-9656-449950245251}.Release|Any CPU.ActiveCfg = Release|Any CPU
		{C88D006B-0C63-4A09-9656-449950245251}.Release|Any CPU.Build.0 = Release|Any CPU
	EndGlobalSection
	GlobalSection(SolutionProperties) = preSolution
		HideSolutionNode = FALSE
	EndGlobalSection
	GlobalSection(ExtensibilityGlobals) = postSolution
		SolutionGuid = {130ACCA6-8B86-4127-9676-550458D16589}
	EndGlobalSection
EndGlobal
