
Microsoft Visual Studio Solution File, Format Version 12.00
# Visual Studio Version 16
VisualStudioVersion = 16.0.29418.71
MinimumVisualStudioVersion = 10.0.40219.1
Project("{FAE04EC0-301F-11D3-BF4B-00C04F79EFBC}") = "FirstConsole", "FirstConsole\FirstConsole.csproj", "{0B465C8A-BD4B-4BDE-BB4D-B00AFF5E0691}"
EndProject
Project("{FAE04EC0-301F-11D3-BF4B-00C04F79EFBC}") = "InterfaceExampleOne", "InterfaceExampleOne\InterfaceExampleOne.csproj", "{F509F363-16AB-4DC5-AD2A-07341BB1D53B}"
EndProject
Project("{FAE04EC0-301F-11D3-BF4B-00C04F79EFBC}") = "ShapeInterfaceExample3", "ShapeInterfaceExample3\ShapeInterfaceExample3.csproj", "{753982CA-F2F0-4CFB-9A3D-4476C73E9224}"
EndProject
Global
	GlobalSection(SolutionConfigurationPlatforms) = preSolution
		Debug|Any CPU = Debug|Any CPU
		Release|Any CPU = Release|Any CPU
	EndGlobalSection
	GlobalSection(ProjectConfigurationPlatforms) = postSolution
		{0B465C8A-BD4B-4BDE-BB4D-B00AFF5E0691}.Debug|Any CPU.ActiveCfg = Debug|Any CPU
		{0B465C8A-BD4B-4BDE-BB4D-B00AFF5E0691}.Debug|Any CPU.Build.0 = Debug|Any CPU
		{0B465C8A-BD4B-4BDE-BB4D-B00AFF5E0691}.Release|Any CPU.ActiveCfg = Release|Any CPU
		{0B465C8A-BD4B-4BDE-BB4D-B00AFF5E0691}.Release|Any CPU.Build.0 = Release|Any CPU
		{F509F363-16AB-4DC5-AD2A-07341BB1D53B}.Debug|Any CPU.ActiveCfg = Debug|Any CPU
		{F509F363-16AB-4DC5-AD2A-07341BB1D53B}.Debug|Any CPU.Build.0 = Debug|Any CPU
		{F509F363-16AB-4DC5-AD2A-07341BB1D53B}.Release|Any CPU.ActiveCfg = Release|Any CPU
		{F509F363-16AB-4DC5-AD2A-07341BB1D53B}.Release|Any CPU.Build.0 = Release|Any CPU
		{753982CA-F2F0-4CFB-9A3D-4476C73E9224}.Debug|Any CPU.ActiveCfg = Debug|Any CPU
		{753982CA-F2F0-4CFB-9A3D-4476C73E9224}.Debug|Any CPU.Build.0 = Debug|Any CPU
		{753982CA-F2F0-4CFB-9A3D-4476C73E9224}.Release|Any CPU.ActiveCfg = Release|Any CPU
		{753982CA-F2F0-4CFB-9A3D-4476C73E9224}.Release|Any CPU.Build.0 = Release|Any CPU
	EndGlobalSection
	GlobalSection(SolutionProperties) = preSolution
		HideSolutionNode = FALSE
	EndGlobalSection
	GlobalSection(ExtensibilityGlobals) = postSolution
		SolutionGuid = {67AE7BF5-8363-4796-BEA0-A47C6B5AD8F2}
	EndGlobalSection
EndGlobal
