
Microsoft Visual Studio Solution File, Format Version 12.00
# Visual Studio Version 16
VisualStudioVersion = 16.0.29418.71
MinimumVisualStudioVersion = 10.0.40219.1
Project("{FAE04EC0-301F-11D3-BF4B-00C04F79EFBC}") = "EFCoreDAy28Ex1", "EFCoreDAy28Ex1\EFCoreDAy28Ex1.csproj", "{A8DCE26C-BBFB-4350-96B4-45DD7F9CEDAE}"
EndProject
Global
	GlobalSection(SolutionConfigurationPlatforms) = preSolution
		Debug|Any CPU = Debug|Any CPU
		Release|Any CPU = Release|Any CPU
	EndGlobalSection
	GlobalSection(ProjectConfigurationPlatforms) = postSolution
		{A8DCE26C-BBFB-4350-96B4-45DD7F9CEDAE}.Debug|Any CPU.ActiveCfg = Debug|Any CPU
		{A8DCE26C-BBFB-4350-96B4-45DD7F9CEDAE}.Debug|Any CPU.Build.0 = Debug|Any CPU
		{A8DCE26C-BBFB-4350-96B4-45DD7F9CEDAE}.Release|Any CPU.ActiveCfg = Release|Any CPU
		{A8DCE26C-BBFB-4350-96B4-45DD7F9CEDAE}.Release|Any CPU.Build.0 = Release|Any CPU
	EndGlobalSection
	GlobalSection(SolutionProperties) = preSolution
		HideSolutionNode = FALSE
	EndGlobalSection
	GlobalSection(ExtensibilityGlobals) = postSolution
		SolutionGuid = {AF3A3FC0-73DA-4ACF-B7AC-057579CD56EA}
	EndGlobalSection
EndGlobal
