
Microsoft Visual Studio Solution File, Format Version 12.00
# Visual Studio Version 16
VisualStudioVersion = 16.0.29418.71
MinimumVisualStudioVersion = 10.0.40219.1
Project("{FAE04EC0-301F-11D3-BF4B-00C04F79EFBC}") = "MyThirdWebApp", "MyThirdWebApp\MyThirdWebApp.csproj", "{E05B1675-EF93-4E5A-8525-3FC210D55CE4}"
EndProject
Global
	GlobalSection(SolutionConfigurationPlatforms) = preSolution
		Debug|Any CPU = Debug|Any CPU
		Release|Any CPU = Release|Any CPU
	EndGlobalSection
	GlobalSection(ProjectConfigurationPlatforms) = postSolution
		{E05B1675-EF93-4E5A-8525-3FC210D55CE4}.Debug|Any CPU.ActiveCfg = Debug|Any CPU
		{E05B1675-EF93-4E5A-8525-3FC210D55CE4}.Debug|Any CPU.Build.0 = Debug|Any CPU
		{E05B1675-EF93-4E5A-8525-3FC210D55CE4}.Release|Any CPU.ActiveCfg = Release|Any CPU
		{E05B1675-EF93-4E5A-8525-3FC210D55CE4}.Release|Any CPU.Build.0 = Release|Any CPU
	EndGlobalSection
	GlobalSection(SolutionProperties) = preSolution
		HideSolutionNode = FALSE
	EndGlobalSection
	GlobalSection(ExtensibilityGlobals) = postSolution
		SolutionGuid = {BA2E9B44-2264-4468-9DBE-B5C1A2172B9E}
	EndGlobalSection
EndGlobal
