
Microsoft Visual Studio Solution File, Format Version 12.00
# Visual Studio Version 16
VisualStudioVersion = 16.0.29418.71
MinimumVisualStudioVersion = 10.0.40219.1
Project("{FAE04EC0-301F-11D3-BF4B-00C04F79EFBC}") = "ConsoleApp1", "ConsoleApp1\ConsoleApp1.csproj", "{906FC907-D554-414C-9433-58F290735202}"
EndProject
Project("{FAE04EC0-301F-11D3-BF4B-00C04F79EFBC}") = "PasswordVerifier", "PasswordVerifier\PasswordVerifier.csproj", "{D9FF7F26-BDCC-4AFE-964E-DEE373A786D9}"
EndProject
Project("{FAE04EC0-301F-11D3-BF4B-00C04F79EFBC}") = "FizzBuzzWoof", "..\FizzBuzzWoof\FizzBuzzWoof.csproj", "{7BEF7AE6-BC9A-4E26-A44A-C1D36FCEB62E}"
EndProject
Global
	GlobalSection(SolutionConfigurationPlatforms) = preSolution
		Debug|Any CPU = Debug|Any CPU
		Release|Any CPU = Release|Any CPU
	EndGlobalSection
	GlobalSection(ProjectConfigurationPlatforms) = postSolution
		{906FC907-D554-414C-9433-58F290735202}.Debug|Any CPU.ActiveCfg = Debug|Any CPU
		{906FC907-D554-414C-9433-58F290735202}.Debug|Any CPU.Build.0 = Debug|Any CPU
		{906FC907-D554-414C-9433-58F290735202}.Release|Any CPU.ActiveCfg = Release|Any CPU
		{906FC907-D554-414C-9433-58F290735202}.Release|Any CPU.Build.0 = Release|Any CPU
		{D9FF7F26-BDCC-4AFE-964E-DEE373A786D9}.Debug|Any CPU.ActiveCfg = Debug|Any CPU
		{D9FF7F26-BDCC-4AFE-964E-DEE373A786D9}.Debug|Any CPU.Build.0 = Debug|Any CPU
		{D9FF7F26-BDCC-4AFE-964E-DEE373A786D9}.Release|Any CPU.ActiveCfg = Release|Any CPU
		{D9FF7F26-BDCC-4AFE-964E-DEE373A786D9}.Release|Any CPU.Build.0 = Release|Any CPU
		{7BEF7AE6-BC9A-4E26-A44A-C1D36FCEB62E}.Debug|Any CPU.ActiveCfg = Debug|Any CPU
		{7BEF7AE6-BC9A-4E26-A44A-C1D36FCEB62E}.Debug|Any CPU.Build.0 = Debug|Any CPU
		{7BEF7AE6-BC9A-4E26-A44A-C1D36FCEB62E}.Release|Any CPU.ActiveCfg = Release|Any CPU
		{7BEF7AE6-BC9A-4E26-A44A-C1D36FCEB62E}.Release|Any CPU.Build.0 = Release|Any CPU
	EndGlobalSection
	GlobalSection(SolutionProperties) = preSolution
		HideSolutionNode = FALSE
	EndGlobalSection
	GlobalSection(ExtensibilityGlobals) = postSolution
		SolutionGuid = {6089B147-2C57-48EA-AD17-C3B59C8D51DB}
	EndGlobalSection
EndGlobal
