
Microsoft Visual Studio Solution File, Format Version 12.00
# Visual Studio Version 16
VisualStudioVersion = 16.0.29418.71
MinimumVisualStudioVersion = 10.0.40219.1
Project("{FAE04EC0-301F-11D3-BF4B-00C04F79EFBC}") = "Cookies", "Cookies\Cookies.csproj", "{95F97226-9BEB-4FB5-B36E-C8D52D659570}"
EndProject
Global
	GlobalSection(SolutionConfigurationPlatforms) = preSolution
		Debug|Any CPU = Debug|Any CPU
		Release|Any CPU = Release|Any CPU
	EndGlobalSection
	GlobalSection(ProjectConfigurationPlatforms) = postSolution
		{95F97226-9BEB-4FB5-B36E-C8D52D659570}.Debug|Any CPU.ActiveCfg = Debug|Any CPU
		{95F97226-9BEB-4FB5-B36E-C8D52D659570}.Debug|Any CPU.Build.0 = Debug|Any CPU
		{95F97226-9BEB-4FB5-B36E-C8D52D659570}.Release|Any CPU.ActiveCfg = Release|Any CPU
		{95F97226-9BEB-4FB5-B36E-C8D52D659570}.Release|Any CPU.Build.0 = Release|Any CPU
	EndGlobalSection
	GlobalSection(SolutionProperties) = preSolution
		HideSolutionNode = FALSE
	EndGlobalSection
	GlobalSection(ExtensibilityGlobals) = postSolution
		SolutionGuid = {3178B16A-0B02-4D68-9065-B225ED4B9440}
	EndGlobalSection
EndGlobal
