
Microsoft Visual Studio Solution File, Format Version 12.00
# Visual Studio Version 16
VisualStudioVersion = 16.0.29418.71
MinimumVisualStudioVersion = 10.0.40219.1
Project("{FAE04EC0-301F-11D3-BF4B-00C04F79EFBC}") = "PigLatinRedo", "PigLatinRedo\PigLatinRedo.csproj", "{4A359A87-0E2F-4873-9325-EDB6E51DCDDC}"
EndProject
Global
	GlobalSection(SolutionConfigurationPlatforms) = preSolution
		Debug|Any CPU = Debug|Any CPU
		Release|Any CPU = Release|Any CPU
	EndGlobalSection
	GlobalSection(ProjectConfigurationPlatforms) = postSolution
		{4A359A87-0E2F-4873-9325-EDB6E51DCDDC}.Debug|Any CPU.ActiveCfg = Debug|Any CPU
		{4A359A87-0E2F-4873-9325-EDB6E51DCDDC}.Debug|Any CPU.Build.0 = Debug|Any CPU
		{4A359A87-0E2F-4873-9325-EDB6E51DCDDC}.Release|Any CPU.ActiveCfg = Release|Any CPU
		{4A359A87-0E2F-4873-9325-EDB6E51DCDDC}.Release|Any CPU.Build.0 = Release|Any CPU
	EndGlobalSection
	GlobalSection(SolutionProperties) = preSolution
		HideSolutionNode = FALSE
	EndGlobalSection
	GlobalSection(ExtensibilityGlobals) = postSolution
		SolutionGuid = {C1E8A96E-49A1-443A-B37E-982F019C7364}
	EndGlobalSection
EndGlobal
